
Microsoft Visual Studio Solution File, Format Version 12.00
Project("{FAE04EC0-301F-11D3-BF4B-00C04F79EFBC}") = "mongodb-efcore", "mongodb-efcore\mongodb-efcore.csproj", "{8861E425-859A-43B9-A743-B56869938BBD}"
EndProject
Global
	GlobalSection(SolutionConfigurationPlatforms) = preSolution
		Debug|Any CPU = Debug|Any CPU
		Release|Any CPU = Release|Any CPU
	EndGlobalSection
	GlobalSection(ProjectConfigurationPlatforms) = postSolution
		{8861E425-859A-43B9-A743-B56869938BBD}.Debug|Any CPU.ActiveCfg = Debug|Any CPU
		{8861E425-859A-43B9-A743-B56869938BBD}.Debug|Any CPU.Build.0 = Debug|Any CPU
		{8861E425-859A-43B9-A743-B56869938BBD}.Release|Any CPU.ActiveCfg = Release|Any CPU
		{8861E425-859A-43B9-A743-B56869938BBD}.Release|Any CPU.Build.0 = Release|Any CPU
	EndGlobalSection
EndGlobal
